
Microsoft Visual Studio Solution File, Format Version 12.00
# Visual Studio Version 16
VisualStudioVersion = 16.0.32901.82
MinimumVisualStudioVersion = 10.0.40219.1
Project("{FAE04EC0-301F-11D3-BF4B-00C04F79EFBC}") = "Parking2022.Datos", "Parking2022.Datos\Parking2022.Datos.csproj", "{F90F8F2C-50CA-441A-A0D8-FC5FB96F7CFB}"
EndProject
Project("{FAE04EC0-301F-11D3-BF4B-00C04F79EFBC}") = "Parking2022.Entidades", "Parking2022.Entidades\Parking2022.Entidades.csproj", "{3F5AF061-8E23-4D27-9A0F-0FE5E824D2FA}"
EndProject
Project("{FAE04EC0-301F-11D3-BF4B-00C04F79EFBC}") = "Parking2022.Servicios", "Parking2022.Servicios\Parking2022.Servicios.csproj", "{3BDC5775-B680-4DC3-B961-311D1B3EAB32}"
EndProject
Project("{FAE04EC0-301F-11D3-BF4B-00C04F79EFBC}") = "Parking2022.Windows", "Parking2022.Windows\Parking2022.Windows.csproj", "{8B31CB5E-D45C-447B-BDE7-652553C76AF6}"
EndProject
Global
	GlobalSection(SolutionConfigurationPlatforms) = preSolution
		Debug|Any CPU = Debug|Any CPU
		Release|Any CPU = Release|Any CPU
	EndGlobalSection
	GlobalSection(ProjectConfigurationPlatforms) = postSolution
		{F90F8F2C-50CA-441A-A0D8-FC5FB96F7CFB}.Debug|Any CPU.ActiveCfg = Debug|Any CPU
		{F90F8F2C-50CA-441A-A0D8-FC5FB96F7CFB}.Debug|Any CPU.Build.0 = Debug|Any CPU
		{F90F8F2C-50CA-441A-A0D8-FC5FB96F7CFB}.Release|Any CPU.ActiveCfg = Release|Any CPU
		{F90F8F2C-50CA-441A-A0D8-FC5FB96F7CFB}.Release|Any CPU.Build.0 = Release|Any CPU
		{3F5AF061-8E23-4D27-9A0F-0FE5E824D2FA}.Debug|Any CPU.ActiveCfg = Debug|Any CPU
		{3F5AF061-8E23-4D27-9A0F-0FE5E824D2FA}.Debug|Any CPU.Build.0 = Debug|Any CPU
		{3F5AF061-8E23-4D27-9A0F-0FE5E824D2FA}.Release|Any CPU.ActiveCfg = Release|Any CPU
		{3F5AF061-8E23-4D27-9A0F-0FE5E824D2FA}.Release|Any CPU.Build.0 = Release|Any CPU
		{3BDC5775-B680-4DC3-B961-311D1B3EAB32}.Debug|Any CPU.ActiveCfg = Debug|Any CPU
		{3BDC5775-B680-4DC3-B961-311D1B3EAB32}.Debug|Any CPU.Build.0 = Debug|Any CPU
		{3BDC5775-B680-4DC3-B961-311D1B3EAB32}.Release|Any CPU.ActiveCfg = Release|Any CPU
		{3BDC5775-B680-4DC3-B961-311D1B3EAB32}.Release|Any CPU.Build.0 = Release|Any CPU
		{8B31CB5E-D45C-447B-BDE7-652553C76AF6}.Debug|Any CPU.ActiveCfg = Debug|Any CPU
		{8B31CB5E-D45C-447B-BDE7-652553C76AF6}.Debug|Any CPU.Build.0 = Debug|Any CPU
		{8B31CB5E-D45C-447B-BDE7-652553C76AF6}.Release|Any CPU.ActiveCfg = Release|Any CPU
		{8B31CB5E-D45C-447B-BDE7-652553C76AF6}.Release|Any CPU.Build.0 = Release|Any CPU
	EndGlobalSection
	GlobalSection(SolutionProperties) = preSolution
		HideSolutionNode = FALSE
	EndGlobalSection
	GlobalSection(ExtensibilityGlobals) = postSolution
		SolutionGuid = {1156BC53-0FF6-4CD5-B618-8DFC5E2229AF}
	EndGlobalSection
EndGlobal
